# This file is automatically @generated by Cargo.
# It is not intended for manual editing.
version = 3

[[package]]
name = "android_system_properties"
version = "0.1.5"
source = "registry+https://github.com/rust-lang/crates.io-index"
checksum = "819e7219dbd41043ac279b19830f2efc897156490d7fd6ea916720117ee66311"
dependencies = [
 "libc",
]

[[package]]
name = "atty"
version = "0.2.14"
source = "registry+https://github.com/rust-lang/crates.io-index"
checksum = "d9b39be18770d11421cdb1b9947a45dd3f37e93092cbf377614828a319d5fee8"
dependencies = [
 "hermit-abi",
 "libc",
 "winapi",
]

[[package]]
name = "autocfg"
version = "1.0.1"
source = "registry+https://github.com/rust-lang/crates.io-index"
checksum = "cdb031dd78e28731d87d56cc8ffef4a8f36ca26c38fe2de700543e627f8a464a"

[[package]]
name = "bumpalo"
version = "3.11.1"
source = "registry+https://github.com/rust-lang/crates.io-index"
checksum = "572f695136211188308f16ad2ca5c851a712c464060ae6974944458eb83880ba"

[[package]]
name = "cc"
version = "1.0.77"
source = "registry+https://github.com/rust-lang/crates.io-index"
checksum = "e9f73505338f7d905b19d18738976aae232eb46b8efc15554ffc56deb5d9ebe4"

[[package]]
name = "cfg-if"
version = "1.0.0"
source = "registry+https://github.com/rust-lang/crates.io-index"
checksum = "baf1de4339761588bc0619e3cbc0120ee582ebb74b53b4efbf79117bd2da40fd"

[[package]]
name = "chrono"
version = "0.4.24"
source = "registry+https://github.com/rust-lang/crates.io-index"
checksum = "4e3c5919066adf22df73762e50cffcde3a758f2a848b113b586d1f86728b673b"
dependencies = [
 "iana-time-zone",
 "js-sys",
 "num-integer",
 "num-traits",
 "time 0.1.44",
 "wasm-bindgen",
 "winapi",
]

[[package]]
name = "codespan-reporting"
version = "0.11.1"
source = "registry+https://github.com/rust-lang/crates.io-index"
checksum = "3538270d33cc669650c4b093848450d380def10c331d38c768e34cac80576e6e"
dependencies = [
 "termcolor",
 "unicode-width",
]

[[package]]
name = "colored"
version = "2.0.0"
source = "registry+https://github.com/rust-lang/crates.io-index"
checksum = "b3616f750b84d8f0de8a58bda93e08e2a81ad3f523089b05f1dffecab48c6cbd"
dependencies = [
 "atty",
 "lazy_static",
 "winapi",
]

[[package]]
name = "core-foundation-sys"
version = "0.8.3"
source = "registry+https://github.com/rust-lang/crates.io-index"
checksum = "5827cebf4670468b8772dd191856768aedcb1b0278a04f989f7766351917b9dc"

[[package]]
name = "ctor"
version = "0.1.21"
source = "registry+https://github.com/rust-lang/crates.io-index"
checksum = "ccc0a48a9b826acdf4028595adc9db92caea352f7af011a3034acd172a52a0aa"
dependencies = [
 "quote",
 "syn 1.0.109",
]

[[package]]
name = "cxx"
version = "1.0.68"
source = "registry+https://github.com/rust-lang/crates.io-index"
checksum = "7e599641dff337570f6aa9c304ecca92341d30bf72e1c50287869ed6a36615a6"
dependencies = [
 "cc",
 "cxxbridge-flags",
 "cxxbridge-macro",
 "link-cplusplus",
]

[[package]]
name = "cxx-build"
version = "1.0.68"
source = "registry+https://github.com/rust-lang/crates.io-index"
checksum = "60e2434bc22249c056e12d2e87db46380730da0f2648471edea3e8e11834a892"
dependencies = [
 "cc",
 "codespan-reporting",
 "once_cell",
 "proc-macro2",
 "quote",
 "scratch",
 "syn 1.0.109",
]

[[package]]
name = "cxxbridge-flags"
version = "1.0.68"
source = "registry+https://github.com/rust-lang/crates.io-index"
checksum = "3894ad0c6d517cb5a4ce8ec20b37cd0ea31b480fe582a104c5db67ae21270853"

[[package]]
name = "cxxbridge-macro"
version = "1.0.68"
source = "registry+https://github.com/rust-lang/crates.io-index"
checksum = "34fa7e395dc1c001083c7eed28c8f0f0b5a225610f3b6284675f444af6fab86b"
dependencies = [
 "proc-macro2",
 "quote",
 "syn 1.0.109",
]

[[package]]
name = "diff"
version = "0.1.12"
source = "registry+https://github.com/rust-lang/crates.io-index"
checksum = "0e25ea47919b1560c4e3b7fe0aaab9becf5b84a10325ddf7db0f0ba5e1026499"

[[package]]
name = "glob"
version = "0.3.0"
source = "registry+https://github.com/rust-lang/crates.io-index"
checksum = "9b919933a397b79c37e33b77bb2aa3dc8eb6e165ad809e58ff75bc7db2e34574"

[[package]]
name = "hermit-abi"
version = "0.1.19"
source = "registry+https://github.com/rust-lang/crates.io-index"
checksum = "62b467343b94ba476dcb2500d242dadbb39557df889310ac77c5d99100aaac33"
dependencies = [
 "libc",
]

[[package]]
name = "iana-time-zone"
version = "0.1.53"
source = "registry+https://github.com/rust-lang/crates.io-index"
checksum = "64c122667b287044802d6ce17ee2ddf13207ed924c712de9a66a5814d5b64765"
dependencies = [
 "android_system_properties",
 "core-foundation-sys",
 "iana-time-zone-haiku",
 "js-sys",
 "wasm-bindgen",
 "winapi",
]

[[package]]
name = "iana-time-zone-haiku"
version = "0.1.1"
source = "registry+https://github.com/rust-lang/crates.io-index"
checksum = "0703ae284fc167426161c2e3f1da3ea71d94b21bedbcc9494e92b28e334e3dca"
dependencies = [
 "cxx",
 "cxx-build",
]

[[package]]
name = "itoa"
version = "1.0.3"
source = "registry+https://github.com/rust-lang/crates.io-index"
checksum = "6c8af84674fe1f223a982c933a0ee1086ac4d4052aa0fb8060c12c6ad838e754"

[[package]]
name = "js-sys"
version = "0.3.60"
source = "registry+https://github.com/rust-lang/crates.io-index"
checksum = "49409df3e3bf0856b916e2ceaca09ee28e6871cf7d9ce97a692cacfdb2a25a47"
dependencies = [
 "wasm-bindgen",
]

[[package]]
name = "lazy_static"
version = "1.4.0"
source = "registry+https://github.com/rust-lang/crates.io-index"
checksum = "e2abad23fbc42b3700f2f279844dc832adb2b2eb069b2df918f455c4e18cc646"

[[package]]
name = "libc"
version = "0.2.132"
source = "registry+https://github.com/rust-lang/crates.io-index"
checksum = "8371e4e5341c3a96db127eb2465ac681ced4c433e01dd0e938adbef26ba93ba5"

[[package]]
name = "link-cplusplus"
version = "1.0.7"
source = "registry+https://github.com/rust-lang/crates.io-index"
checksum = "9272ab7b96c9046fbc5bc56c06c117cb639fe2d509df0c421cad82d2915cf369"
dependencies = [
 "cc",
]

[[package]]
name = "log"
version = "0.4.17"
source = "registry+https://github.com/rust-lang/crates.io-index"
checksum = "abb12e687cfb44aa40f41fc3978ef76448f9b6038cad6aef4259d3c095a2382e"
dependencies = [
 "cfg-if",
]

[[package]]
name = "marine-call-parameters"
version = "0.10.0"
dependencies = [
 "marine-macro",
 "marine-rs-sdk-main",
 "serde",
]

[[package]]
name = "marine-macro"
version = "0.10.0"
dependencies = [
 "marine-macro-impl",
 "marine-rs-sdk-main",
]

[[package]]
name = "marine-macro-impl"
version = "0.10.0"
dependencies = [
 "marine-macro-testing-utils",
 "pretty_assertions",
 "proc-macro2",
 "quote",
 "serde",
 "serde_json",
 "syn 1.0.109",
]

[[package]]
name = "marine-macro-testing-utils"
version = "0.10.0"
dependencies = [
 "proc-macro2",
 "quote",
 "syn 1.0.109",
]

[[package]]
name = "marine-rs-sdk"
version = "0.10.0"
dependencies = [
 "marine-call-parameters",
 "marine-macro",
 "marine-rs-sdk-main",
 "marine-timestamp-macro",
 "serde",
 "trybuild",
]

[[package]]
name = "marine-rs-sdk-main"
version = "0.10.0"
dependencies = [
 "lazy_static",
 "log",
 "serde",
 "simple_logger",
]

[[package]]
name = "marine-timestamp-macro"
version = "0.10.0"
dependencies = [
 "chrono",
 "quote",
]

[[package]]
name = "num-integer"
version = "0.1.44"
source = "registry+https://github.com/rust-lang/crates.io-index"
checksum = "d2cc698a63b549a70bc047073d2949cce27cd1c7b0a4a862d08a8031bc2801db"
dependencies = [
 "autocfg",
 "num-traits",
]

[[package]]
name = "num-traits"
version = "0.2.14"
source = "registry+https://github.com/rust-lang/crates.io-index"
checksum = "9a64b1ec5cda2586e284722486d802acf1f7dbdc623e2bfc57e65ca1cd099290"
dependencies = [
 "autocfg",
]

[[package]]
name = "num_threads"
version = "0.1.6"
source = "registry+https://github.com/rust-lang/crates.io-index"
checksum = "2819ce041d2ee131036f4fc9d6ae7ae125a3a40e97ba64d04fe799ad9dabbb44"
dependencies = [
 "libc",
]

[[package]]
name = "once_cell"
version = "1.16.0"
source = "registry+https://github.com/rust-lang/crates.io-index"
checksum = "86f0b0d4bf799edbc74508c1e8bf170ff5f41238e5f8225603ca7caaae2b7860"

[[package]]
name = "output_vt100"
version = "0.1.2"
source = "registry+https://github.com/rust-lang/crates.io-index"
checksum = "53cdc5b785b7a58c5aad8216b3dfa114df64b0b06ae6e1501cef91df2fbdf8f9"
dependencies = [
 "winapi",
]

[[package]]
name = "pretty_assertions"
version = "1.3.0"
source = "registry+https://github.com/rust-lang/crates.io-index"
checksum = "a25e9bcb20aa780fd0bb16b72403a9064d6b3f22f026946029acb941a50af755"
dependencies = [
 "ctor",
 "diff",
 "output_vt100",
 "yansi",
]

[[package]]
name = "proc-macro2"
version = "1.0.69"
source = "registry+https://github.com/rust-lang/crates.io-index"
checksum = "134c189feb4956b20f6f547d2cf727d4c0fe06722b20a0eec87ed445a97f92da"
dependencies = [
 "unicode-ident",
]

[[package]]
name = "quote"
version = "1.0.32"
source = "registry+https://github.com/rust-lang/crates.io-index"
checksum = "50f3b39ccfb720540debaa0164757101c08ecb8d326b15358ce76a62c7e85965"
dependencies = [
 "proc-macro2",
]

[[package]]
name = "ryu"
version = "1.0.5"
source = "registry+https://github.com/rust-lang/crates.io-index"
checksum = "71d301d4193d031abdd79ff7e3dd721168a9572ef3fe51a1517aba235bd8f86e"

[[package]]
name = "scratch"
version = "1.0.2"
source = "registry+https://github.com/rust-lang/crates.io-index"
checksum = "9c8132065adcfd6e02db789d9285a0deb2f3fcb04002865ab67d5fb103533898"

[[package]]
name = "serde"
version = "1.0.183"
source = "registry+https://github.com/rust-lang/crates.io-index"
checksum = "32ac8da02677876d532745a130fc9d8e6edfa81a269b107c5b00829b91d8eb3c"
dependencies = [
 "serde_derive",
]

[[package]]
name = "serde_derive"
version = "1.0.183"
source = "registry+https://github.com/rust-lang/crates.io-index"
checksum = "aafe972d60b0b9bee71a91b92fee2d4fb3c9d7e8f6b179aa99f27203d99a4816"
dependencies = [
 "proc-macro2",
 "quote",
 "syn 2.0.28",
]

[[package]]
name = "serde_json"
version = "1.0.94"
source = "registry+https://github.com/rust-lang/crates.io-index"
checksum = "1c533a59c9d8a93a09c6ab31f0fd5e5f4dd1b8fc9434804029839884765d04ea"
dependencies = [
 "itoa",
 "ryu",
 "serde",
]

[[package]]
name = "simple_logger"
version = "4.0.0"
source = "registry+https://github.com/rust-lang/crates.io-index"
checksum = "e190a521c2044948158666916d9e872cbb9984f755e9bb3b5b75a836205affcd"
dependencies = [
 "atty",
 "colored",
 "log",
 "time 0.3.17",
 "windows-sys",
]

[[package]]
name = "syn"
version = "1.0.109"
source = "registry+https://github.com/rust-lang/crates.io-index"
checksum = "72b64191b275b66ffe2469e8af2c1cfe3bafa67b529ead792a6d0160888b4237"
dependencies = [
 "proc-macro2",
 "quote",
 "unicode-ident",
]

[[package]]
name = "syn"
version = "2.0.28"
source = "registry+https://github.com/rust-lang/crates.io-index"
checksum = "04361975b3f5e348b2189d8dc55bc942f278b2d482a6a0365de5bdd62d351567"
dependencies = [
 "proc-macro2",
 "quote",
 "unicode-ident",
]

[[package]]
name = "termcolor"
version = "1.1.2"
source = "registry+https://github.com/rust-lang/crates.io-index"
checksum = "2dfed899f0eb03f32ee8c6a0aabdb8a7949659e3466561fc0adf54e26d88c5f4"
dependencies = [
 "winapi-util",
]

[[package]]
name = "time"
version = "0.1.44"
source = "registry+https://github.com/rust-lang/crates.io-index"
checksum = "6db9e6914ab8b1ae1c260a4ae7a49b6c5611b40328a735b21862567685e73255"
dependencies = [
 "libc",
 "wasi",
 "winapi",
]

[[package]]
name = "time"
version = "0.3.17"
source = "registry+https://github.com/rust-lang/crates.io-index"
checksum = "a561bf4617eebd33bca6434b988f39ed798e527f51a1e797d0ee4f61c0a38376"
dependencies = [
 "itoa",
 "libc",
 "num_threads",
 "serde",
 "time-core",
 "time-macros",
]

[[package]]
name = "time-core"
version = "0.1.0"
source = "registry+https://github.com/rust-lang/crates.io-index"
checksum = "2e153e1f1acaef8acc537e68b44906d2db6436e2b35ac2c6b42640fff91f00fd"

[[package]]
name = "time-macros"
version = "0.2.6"
source = "registry+https://github.com/rust-lang/crates.io-index"
checksum = "d967f99f534ca7e495c575c62638eebc2898a8c84c119b89e250477bc4ba16b2"
dependencies = [
 "time-core",
]

[[package]]
name = "toml"
version = "0.5.8"
source = "registry+https://github.com/rust-lang/crates.io-index"
checksum = "a31142970826733df8241ef35dc040ef98c679ab14d7c3e54d827099b3acecaa"
dependencies = [
 "serde",
]

[[package]]
name = "trybuild"
version = "1.0.52"
source = "registry+https://github.com/rust-lang/crates.io-index"
checksum = "150e726dc059e6fbd4fce3288f5bb3cf70128cf63b0dde23b938a3cad810fb23"
dependencies = [
 "glob",
 "lazy_static",
 "serde",
 "serde_json",
 "termcolor",
 "toml",
]

[[package]]
name = "unicode-ident"
version = "1.0.6"
source = "registry+https://github.com/rust-lang/crates.io-index"
checksum = "84a22b9f218b40614adcb3f4ff08b703773ad44fa9423e4e0d346d5db86e4ebc"

[[package]]
name = "unicode-width"
version = "0.1.10"
source = "registry+https://github.com/rust-lang/crates.io-index"
checksum = "c0edd1e5b14653f783770bce4a4dabb4a5108a5370a5f5d8cfe8710c361f6c8b"

[[package]]
name = "wasi"
version = "0.10.0+wasi-snapshot-preview1"
source = "registry+https://github.com/rust-lang/crates.io-index"
checksum = "1a143597ca7c7793eff794def352d41792a93c481eb1042423ff7ff72ba2c31f"

[[package]]
name = "wasm-bindgen"
version = "0.2.83"
source = "registry+https://github.com/rust-lang/crates.io-index"
checksum = "eaf9f5aceeec8be17c128b2e93e031fb8a4d469bb9c4ae2d7dc1888b26887268"
dependencies = [
 "cfg-if",
 "wasm-bindgen-macro",
]

[[package]]
name = "wasm-bindgen-backend"
version = "0.2.83"
source = "registry+https://github.com/rust-lang/crates.io-index"
checksum = "4c8ffb332579b0557b52d268b91feab8df3615f265d5270fec2a8c95b17c1142"
dependencies = [
 "bumpalo",
 "log",
 "once_cell",
 "proc-macro2",
 "quote",
 "syn 1.0.109",
 "wasm-bindgen-shared",
]

[[package]]
name = "wasm-bindgen-macro"
version = "0.2.83"
source = "registry+https://github.com/rust-lang/crates.io-index"
checksum = "052be0f94026e6cbc75cdefc9bae13fd6052cdcaf532fa6c45e7ae33a1e6c810"
dependencies = [
 "quote",
 "wasm-bindgen-macro-support",
]

[[package]]
name = "wasm-bindgen-macro-support"
version = "0.2.83"
source = "registry+https://github.com/rust-lang/crates.io-index"
checksum = "07bc0c051dc5f23e307b13285f9d75df86bfdf816c5721e573dec1f9b8aa193c"
dependencies = [
 "proc-macro2",
 "quote",
 "syn 1.0.109",
 "wasm-bindgen-backend",
 "wasm-bindgen-shared",
]

[[package]]
name = "wasm-bindgen-shared"
version = "0.2.83"
source = "registry+https://github.com/rust-lang/crates.io-index"
checksum = "1c38c045535d93ec4f0b4defec448e4291638ee608530863b1e2ba115d4fff7f"

[[package]]
name = "winapi"
version = "0.3.9"
source = "registry+https://github.com/rust-lang/crates.io-index"
checksum = "5c839a674fcd7a98952e593242ea400abe93992746761e38641405d28b00f419"
dependencies = [
 "winapi-i686-pc-windows-gnu",
 "winapi-x86_64-pc-windows-gnu",
]

[[package]]
name = "winapi-i686-pc-windows-gnu"
version = "0.4.0"
source = "registry+https://github.com/rust-lang/crates.io-index"
checksum = "ac3b87c63620426dd9b991e5ce0329eff545bccbbb34f3be09ff6fb6ab51b7b6"

[[package]]
name = "winapi-util"
version = "0.1.5"
source = "registry+https://github.com/rust-lang/crates.io-index"
checksum = "70ec6ce85bb158151cae5e5c87f95a8e97d2c0c4b001223f33a334e3ce5de178"
dependencies = [
 "winapi",
]

[[package]]
name = "winapi-x86_64-pc-windows-gnu"
version = "0.4.0"
source = "registry+https://github.com/rust-lang/crates.io-index"
checksum = "712e227841d057c1ee1cd2fb22fa7e5a5461ae8e48fa2ca79ec42cfc1931183f"

[[package]]
name = "windows-sys"
version = "0.42.0"
source = "registry+https://github.com/rust-lang/crates.io-index"
checksum = "5a3e1820f08b8513f676f7ab6c1f99ff312fb97b553d30ff4dd86f9f15728aa7"
dependencies = [
 "windows_aarch64_gnullvm",
 "windows_aarch64_msvc",
 "windows_i686_gnu",
 "windows_i686_msvc",
 "windows_x86_64_gnu",
 "windows_x86_64_gnullvm",
 "windows_x86_64_msvc",
]

[[package]]
name = "windows_aarch64_gnullvm"
version = "0.42.1"
source = "registry+https://github.com/rust-lang/crates.io-index"
checksum = "8c9864e83243fdec7fc9c5444389dcbbfd258f745e7853198f365e3c4968a608"

[[package]]
name = "windows_aarch64_msvc"
version = "0.42.1"
source = "registry+https://github.com/rust-lang/crates.io-index"
checksum = "4c8b1b673ffc16c47a9ff48570a9d85e25d265735c503681332589af6253c6c7"

[[package]]
name = "windows_i686_gnu"
version = "0.42.1"
source = "registry+https://github.com/rust-lang/crates.io-index"
checksum = "de3887528ad530ba7bdbb1faa8275ec7a1155a45ffa57c37993960277145d640"

[[package]]
name = "windows_i686_msvc"
version = "0.42.1"
source = "registry+https://github.com/rust-lang/crates.io-index"
checksum = "bf4d1122317eddd6ff351aa852118a2418ad4214e6613a50e0191f7004372605"

[[package]]
name = "windows_x86_64_gnu"
version = "0.42.1"
source = "registry+https://github.com/rust-lang/crates.io-index"
checksum = "c1040f221285e17ebccbc2591ffdc2d44ee1f9186324dd3e84e99ac68d699c45"

[[package]]
name = "windows_x86_64_gnullvm"
version = "0.42.1"
source = "registry+https://github.com/rust-lang/crates.io-index"
checksum = "628bfdf232daa22b0d64fdb62b09fcc36bb01f05a3939e20ab73aaf9470d0463"

[[package]]
name = "windows_x86_64_msvc"
version = "0.42.1"
source = "registry+https://github.com/rust-lang/crates.io-index"
checksum = "447660ad36a13288b1db4d4248e857b510e8c3a225c822ba4fb748c0aafecffd"

[[package]]
name = "yansi"
version = "0.5.1"
source = "registry+https://github.com/rust-lang/crates.io-index"
checksum = "09041cd90cf85f7f8b2df60c646f853b7f535ce68f85244eb6731cf89fa498ec"
